
Microsoft Visual Studio Solution File, Format Version 12.00
# Visual Studio Version 17
VisualStudioVersion = 17.5.33516.290
MinimumVisualStudioVersion = 10.0.40219.1
Project("{FAE04EC0-301F-11D3-BF4B-00C04F79EFBC}") = "Assessed Excercise 1 Part A &B", "Assessed Excercise 1 Part A &B\Assessed Excercise 1 Part A &B.csproj", "{CEFCD41B-FCD2-450E-A7DC-38E6FBB78BE2}"
EndProject
Global
	GlobalSection(SolutionConfigurationPlatforms) = preSolution
		Debug|Any CPU = Debug|Any CPU
		Release|Any CPU = Release|Any CPU
	EndGlobalSection
	GlobalSection(ProjectConfigurationPlatforms) = postSolution
		{CEFCD41B-FCD2-450E-A7DC-38E6FBB78BE2}.Debug|Any CPU.ActiveCfg = Debug|Any CPU
		{CEFCD41B-FCD2-450E-A7DC-38E6FBB78BE2}.Debug|Any CPU.Build.0 = Debug|Any CPU
		{CEFCD41B-FCD2-450E-A7DC-38E6FBB78BE2}.Release|Any CPU.ActiveCfg = Release|Any CPU
		{CEFCD41B-FCD2-450E-A7DC-38E6FBB78BE2}.Release|Any CPU.Build.0 = Release|Any CPU
	EndGlobalSection
	GlobalSection(SolutionProperties) = preSolution
		HideSolutionNode = FALSE
	EndGlobalSection
	GlobalSection(ExtensibilityGlobals) = postSolution
		SolutionGuid = {6E20281C-D8ED-4048-95F7-614CC28C5F80}
	EndGlobalSection
EndGlobal
